
Microsoft Visual Studio Solution File, Format Version 12.00
# Visual Studio 2013
VisualStudioVersion = 12.0.31101.0
MinimumVisualStudioVersion = 10.0.40219.1
Project("{8BC9CEB8-8B4A-11D0-8D11-00A0C91BC942}") = "Hello", "Hello\Hello.vcxproj", "{74F39C79-AE10-4152-A973-91DA48EC782B}"
EndProject
Project("{8BC9CEB8-8B4A-11D0-8D11-00A0C91BC942}") = "VariablesAndTypes", "VariablesAndTypes\VariablesAndTypes.vcxproj", "{4ED9F87F-4587-4FC8-B11B-4DCB088ACC29}"
EndProject
Global
	GlobalSection(SolutionConfigurationPlatforms) = preSolution
		Debug|Win32 = Debug|Win32
		Release|Win32 = Release|Win32
	EndGlobalSection
	GlobalSection(ProjectConfigurationPlatforms) = postSolution
		{74F39C79-AE10-4152-A973-91DA48EC782B}.Debug|Win32.ActiveCfg = Debug|Win32
		{74F39C79-AE10-4152-A973-91DA48EC782B}.Debug|Win32.Build.0 = Debug|Win32
		{74F39C79-AE10-4152-A973-91DA48EC782B}.Release|Win32.ActiveCfg = Release|Win32
		{74F39C79-AE10-4152-A973-91DA48EC782B}.Release|Win32.Build.0 = Release|Win32
		{4ED9F87F-4587-4FC8-B11B-4DCB088ACC29}.Debug|Win32.ActiveCfg = Debug|Win32
		{4ED9F87F-4587-4FC8-B11B-4DCB088ACC29}.Debug|Win32.Build.0 = Debug|Win32
		{4ED9F87F-4587-4FC8-B11B-4DCB088ACC29}.Release|Win32.ActiveCfg = Release|Win32
		{4ED9F87F-4587-4FC8-B11B-4DCB088ACC29}.Release|Win32.Build.0 = Release|Win32
	EndGlobalSection
	GlobalSection(SolutionProperties) = preSolution
		HideSolutionNode = FALSE
	EndGlobalSection
EndGlobal
